
Microsoft Visual Studio Solution File, Format Version 12.00
# Visual Studio Version 16
VisualStudioVersion = 16.0.31729.503
MinimumVisualStudioVersion = 10.0.40219.1
Project("{FAE04EC0-301F-11D3-BF4B-00C04F79EFBC}") = "Halic_Test_Project", "Halic_Test_Project\Halic_Test_Project.csproj", "{5A966BF0-F65D-4962-A133-84C31671C24D}"
EndProject
Global
	GlobalSection(SolutionConfigurationPlatforms) = preSolution
		Debug|Any CPU = Debug|Any CPU
		Release|Any CPU = Release|Any CPU
	EndGlobalSection
	GlobalSection(ProjectConfigurationPlatforms) = postSolution
		{5A966BF0-F65D-4962-A133-84C31671C24D}.Debug|Any CPU.ActiveCfg = Debug|Any CPU
		{5A966BF0-F65D-4962-A133-84C31671C24D}.Debug|Any CPU.Build.0 = Debug|Any CPU
		{5A966BF0-F65D-4962-A133-84C31671C24D}.Release|Any CPU.ActiveCfg = Release|Any CPU
		{5A966BF0-F65D-4962-A133-84C31671C24D}.Release|Any CPU.Build.0 = Release|Any CPU
	EndGlobalSection
	GlobalSection(SolutionProperties) = preSolution
		HideSolutionNode = FALSE
	EndGlobalSection
	GlobalSection(ExtensibilityGlobals) = postSolution
		SolutionGuid = {CCADDFF3-C9A9-4654-95F1-63A1A2656994}
	EndGlobalSection
EndGlobal
